
Microsoft Visual Studio Solution File, Format Version 12.00
# Visual Studio Version 17
VisualStudioVersion = 17.14.36518.9
MinimumVisualStudioVersion = 10.0.40219.1
Project("{2150E333-8FDC-42A3-9474-1A3956D46DE8}") = "Task0", "Task0", "{02EA681E-C7D8-13C7-8484-4AC65E1B71E8}"
EndProject
Project("{FAE04EC0-301F-11D3-BF4B-00C04F79EFBC}") = "Tyuiu.KilikaevRV.Sprint4.Task0.V26", "Tyuiu.KilikaevRV.Sprint4.Task0.V26\Tyuiu.KilikaevRV.Sprint4.Task0.V26.csproj", "{2BC8B18D-79C1-4FF1-8D43-58A48DB25630}"
EndProject
Project("{FAE04EC0-301F-11D3-BF4B-00C04F79EFBC}") = "Tyuiu.KilikaevRV.Sprint4.Task0.V26.Test", "Tyuiu.KilikaevRV.Sprint4.Task0.V26.Test\Tyuiu.KilikaevRV.Sprint4.Task0.V26.Test.csproj", "{2A3DF7C6-83B4-49F0-BDAC-06113ED8EB15}"
EndProject
Project("{FAE04EC0-301F-11D3-BF4B-00C04F79EFBC}") = "Tyuiu.KilikaevRV.Sprint4.Task0.V26.Lib", "Tyuiu.KilikaevRV.Sprint4.Task0.V26.Lib\Tyuiu.KilikaevRV.Sprint4.Task0.V26.Lib.csproj", "{017A490F-0053-4D19-B1A8-C49D1BD65BC1}"
EndProject
Project("{2150E333-8FDC-42A3-9474-1A3956D46DE8}") = "Task1", "Task1", "{62A9C21C-25A2-4174-A0AB-ACE684AA264A}"
EndProject
Project("{FAE04EC0-301F-11D3-BF4B-00C04F79EFBC}") = "Tyuiu.KilikaevRV.Sprint4.Task1.V3.Lib", "Tyuiu.KilikaevRV.Sprint4.Task1.V3.Lib\Tyuiu.KilikaevRV.Sprint4.Task1.V3.Lib.csproj", "{8EA4DB1B-9466-482D-A8DB-3C3EDBDE9DED}"
EndProject
Project("{FAE04EC0-301F-11D3-BF4B-00C04F79EFBC}") = "Tyuiu.KilikaevRV.Sprint4.Task1.V3.Test", "Tyuiu.KilikaevRV.Sprint4.Task1.V3.Test\Tyuiu.KilikaevRV.Sprint4.Task1.V3.Test.csproj", "{BB3574E9-752B-43C1-96CD-43B840318921}"
EndProject
Project("{FAE04EC0-301F-11D3-BF4B-00C04F79EFBC}") = "Tyuiu.KilikaevRV.Sprint4.Task1.V3", "Tyuiu.KilikaevRV.Sprint4.Task1.V3\Tyuiu.KilikaevRV.Sprint4.Task1.V3.csproj", "{89D1B0FC-D7C2-4524-82BE-7AB3E422383A}"
EndProject
Global
	GlobalSection(SolutionConfigurationPlatforms) = preSolution
		Debug|Any CPU = Debug|Any CPU
		Release|Any CPU = Release|Any CPU
	EndGlobalSection
	GlobalSection(ProjectConfigurationPlatforms) = postSolution
		{2BC8B18D-79C1-4FF1-8D43-58A48DB25630}.Debug|Any CPU.ActiveCfg = Debug|Any CPU
		{2BC8B18D-79C1-4FF1-8D43-58A48DB25630}.Debug|Any CPU.Build.0 = Debug|Any CPU
		{2BC8B18D-79C1-4FF1-8D43-58A48DB25630}.Release|Any CPU.ActiveCfg = Release|Any CPU
		{2BC8B18D-79C1-4FF1-8D43-58A48DB25630}.Release|Any CPU.Build.0 = Release|Any CPU
		{2A3DF7C6-83B4-49F0-BDAC-06113ED8EB15}.Debug|Any CPU.ActiveCfg = Debug|Any CPU
		{2A3DF7C6-83B4-49F0-BDAC-06113ED8EB15}.Debug|Any CPU.Build.0 = Debug|Any CPU
		{2A3DF7C6-83B4-49F0-BDAC-06113ED8EB15}.Release|Any CPU.ActiveCfg = Release|Any CPU
		{2A3DF7C6-83B4-49F0-BDAC-06113ED8EB15}.Release|Any CPU.Build.0 = Release|Any CPU
		{017A490F-0053-4D19-B1A8-C49D1BD65BC1}.Debug|Any CPU.ActiveCfg = Debug|Any CPU
		{017A490F-0053-4D19-B1A8-C49D1BD65BC1}.Debug|Any CPU.Build.0 = Debug|Any CPU
		{017A490F-0053-4D19-B1A8-C49D1BD65BC1}.Release|Any CPU.ActiveCfg = Release|Any CPU
		{017A490F-0053-4D19-B1A8-C49D1BD65BC1}.Release|Any CPU.Build.0 = Release|Any CPU
		{8EA4DB1B-9466-482D-A8DB-3C3EDBDE9DED}.Debug|Any CPU.ActiveCfg = Debug|Any CPU
		{8EA4DB1B-9466-482D-A8DB-3C3EDBDE9DED}.Debug|Any CPU.Build.0 = Debug|Any CPU
		{8EA4DB1B-9466-482D-A8DB-3C3EDBDE9DED}.Release|Any CPU.ActiveCfg = Release|Any CPU
		{8EA4DB1B-9466-482D-A8DB-3C3EDBDE9DED}.Release|Any CPU.Build.0 = Release|Any CPU
		{BB3574E9-752B-43C1-96CD-43B840318921}.Debug|Any CPU.ActiveCfg = Debug|Any CPU
		{BB3574E9-752B-43C1-96CD-43B840318921}.Debug|Any CPU.Build.0 = Debug|Any CPU
		{BB3574E9-752B-43C1-96CD-43B840318921}.Release|Any CPU.ActiveCfg = Release|Any CPU
		{BB3574E9-752B-43C1-96CD-43B840318921}.Release|Any CPU.Build.0 = Release|Any CPU
		{89D1B0FC-D7C2-4524-82BE-7AB3E422383A}.Debug|Any CPU.ActiveCfg = Debug|Any CPU
		{89D1B0FC-D7C2-4524-82BE-7AB3E422383A}.Debug|Any CPU.Build.0 = Debug|Any CPU
		{89D1B0FC-D7C2-4524-82BE-7AB3E422383A}.Release|Any CPU.ActiveCfg = Release|Any CPU
		{89D1B0FC-D7C2-4524-82BE-7AB3E422383A}.Release|Any CPU.Build.0 = Release|Any CPU
	EndGlobalSection
	GlobalSection(SolutionProperties) = preSolution
		HideSolutionNode = FALSE
	EndGlobalSection
	GlobalSection(NestedProjects) = preSolution
		{2BC8B18D-79C1-4FF1-8D43-58A48DB25630} = {02EA681E-C7D8-13C7-8484-4AC65E1B71E8}
		{2A3DF7C6-83B4-49F0-BDAC-06113ED8EB15} = {02EA681E-C7D8-13C7-8484-4AC65E1B71E8}
		{017A490F-0053-4D19-B1A8-C49D1BD65BC1} = {02EA681E-C7D8-13C7-8484-4AC65E1B71E8}
		{8EA4DB1B-9466-482D-A8DB-3C3EDBDE9DED} = {62A9C21C-25A2-4174-A0AB-ACE684AA264A}
		{BB3574E9-752B-43C1-96CD-43B840318921} = {62A9C21C-25A2-4174-A0AB-ACE684AA264A}
		{89D1B0FC-D7C2-4524-82BE-7AB3E422383A} = {62A9C21C-25A2-4174-A0AB-ACE684AA264A}
	EndGlobalSection
	GlobalSection(ExtensibilityGlobals) = postSolution
		SolutionGuid = {65E0A3A0-4703-4050-90D4-774B6F7E1B94}
	EndGlobalSection
EndGlobal
